
Microsoft Visual Studio Solution File, Format Version 12.00
Project("{FAE04EC0-301F-11D3-BF4B-00C04F79EFBC}") = "Carmeone.Db", "Carmeone.Db\Carmeone.Db.csproj", "{F037BEFF-71B5-404D-9F4A-DC011C845365}"
EndProject
Project("{FAE04EC0-301F-11D3-BF4B-00C04F79EFBC}") = "Carmeone.Services", "Carmeone.Services\Carmeone.Services.csproj", "{06E854C9-3AEA-4E24-8F14-19C676B8CD96}"
EndProject
Project("{FAE04EC0-301F-11D3-BF4B-00C04F79EFBC}") = "Carmeone.Tests", "Carmeone.Tests\Carmeone.Tests.csproj", "{DD32BCC6-5F43-4152-A01C-0547E0C6E80A}"
EndProject
Project("{FAE04EC0-301F-11D3-BF4B-00C04F79EFBC}") = "Carmeone.Api", "Carmeone.Api\Carmeone.Api.csproj", "{89E73152-D22E-4045-B9AE-C9452503F000}"
EndProject
Project("{2150E333-8FDC-42A3-9474-1A3956D46DE8}") = "Solution Items", "Solution Items", "{E1C2741A-25EB-458F-870E-8DC0A29A8821}"
	ProjectSection(SolutionItems) = preProject
		.gitignore = .gitignore
	EndProjectSection
EndProject
Global
	GlobalSection(SolutionConfigurationPlatforms) = preSolution
		Debug|Any CPU = Debug|Any CPU
		Release|Any CPU = Release|Any CPU
	EndGlobalSection
	GlobalSection(ProjectConfigurationPlatforms) = postSolution
		{F037BEFF-71B5-404D-9F4A-DC011C845365}.Debug|Any CPU.ActiveCfg = Debug|Any CPU
		{F037BEFF-71B5-404D-9F4A-DC011C845365}.Debug|Any CPU.Build.0 = Debug|Any CPU
		{F037BEFF-71B5-404D-9F4A-DC011C845365}.Release|Any CPU.ActiveCfg = Release|Any CPU
		{F037BEFF-71B5-404D-9F4A-DC011C845365}.Release|Any CPU.Build.0 = Release|Any CPU
		{06E854C9-3AEA-4E24-8F14-19C676B8CD96}.Debug|Any CPU.ActiveCfg = Debug|Any CPU
		{06E854C9-3AEA-4E24-8F14-19C676B8CD96}.Debug|Any CPU.Build.0 = Debug|Any CPU
		{06E854C9-3AEA-4E24-8F14-19C676B8CD96}.Release|Any CPU.ActiveCfg = Release|Any CPU
		{06E854C9-3AEA-4E24-8F14-19C676B8CD96}.Release|Any CPU.Build.0 = Release|Any CPU
		{DD32BCC6-5F43-4152-A01C-0547E0C6E80A}.Debug|Any CPU.ActiveCfg = Debug|Any CPU
		{DD32BCC6-5F43-4152-A01C-0547E0C6E80A}.Debug|Any CPU.Build.0 = Debug|Any CPU
		{DD32BCC6-5F43-4152-A01C-0547E0C6E80A}.Release|Any CPU.ActiveCfg = Release|Any CPU
		{DD32BCC6-5F43-4152-A01C-0547E0C6E80A}.Release|Any CPU.Build.0 = Release|Any CPU
		{89E73152-D22E-4045-B9AE-C9452503F000}.Debug|Any CPU.ActiveCfg = Debug|Any CPU
		{89E73152-D22E-4045-B9AE-C9452503F000}.Debug|Any CPU.Build.0 = Debug|Any CPU
		{89E73152-D22E-4045-B9AE-C9452503F000}.Release|Any CPU.ActiveCfg = Release|Any CPU
		{89E73152-D22E-4045-B9AE-C9452503F000}.Release|Any CPU.Build.0 = Release|Any CPU
	EndGlobalSection
EndGlobal
